
Microsoft Visual Studio Solution File, Format Version 12.00
# Visual Studio Version 17
VisualStudioVersion = 17.14.36310.24 d17.14
MinimumVisualStudioVersion = 10.0.40219.1
Project("{8BC9CEB8-8B4A-11D0-8D11-00A0C91BC942}") = "function declration , function defination", "function declration , function defination.vcxproj", "{CDDC9FAA-0D89-40DB-A4F4-90AF096D0045}"
EndProject
Global
	GlobalSection(SolutionConfigurationPlatforms) = preSolution
		Debug|x64 = Debug|x64
		Debug|x86 = Debug|x86
		Release|x64 = Release|x64
		Release|x86 = Release|x86
	EndGlobalSection
	GlobalSection(ProjectConfigurationPlatforms) = postSolution
		{CDDC9FAA-0D89-40DB-A4F4-90AF096D0045}.Debug|x64.ActiveCfg = Debug|x64
		{CDDC9FAA-0D89-40DB-A4F4-90AF096D0045}.Debug|x64.Build.0 = Debug|x64
		{CDDC9FAA-0D89-40DB-A4F4-90AF096D0045}.Debug|x86.ActiveCfg = Debug|Win32
		{CDDC9FAA-0D89-40DB-A4F4-90AF096D0045}.Debug|x86.Build.0 = Debug|Win32
		{CDDC9FAA-0D89-40DB-A4F4-90AF096D0045}.Release|x64.ActiveCfg = Release|x64
		{CDDC9FAA-0D89-40DB-A4F4-90AF096D0045}.Release|x64.Build.0 = Release|x64
		{CDDC9FAA-0D89-40DB-A4F4-90AF096D0045}.Release|x86.ActiveCfg = Release|Win32
		{CDDC9FAA-0D89-40DB-A4F4-90AF096D0045}.Release|x86.Build.0 = Release|Win32
	EndGlobalSection
	GlobalSection(SolutionProperties) = preSolution
		HideSolutionNode = FALSE
	EndGlobalSection
	GlobalSection(ExtensibilityGlobals) = postSolution
		SolutionGuid = {A0A40447-BB32-456B-8496-DC7AC85FB32B}
	EndGlobalSection
EndGlobal
