
Microsoft Visual Studio Solution File, Format Version 12.00
# Visual Studio Version 17
VisualStudioVersion = 17.13.35913.81 d17.13
MinimumVisualStudioVersion = 10.0.40219.1
Project("{8BC9CEB8-8B4A-11D0-8D11-00A0C91BC942}") = "#46 for loops", "#46 for loops.vcxproj", "{482E7C34-9BC9-41CF-87DB-2B277FC96392}"
EndProject
Global
	GlobalSection(SolutionConfigurationPlatforms) = preSolution
		Debug|x64 = Debug|x64
		Debug|x86 = Debug|x86
		Release|x64 = Release|x64
		Release|x86 = Release|x86
	EndGlobalSection
	GlobalSection(ProjectConfigurationPlatforms) = postSolution
		{482E7C34-9BC9-41CF-87DB-2B277FC96392}.Debug|x64.ActiveCfg = Debug|x64
		{482E7C34-9BC9-41CF-87DB-2B277FC96392}.Debug|x64.Build.0 = Debug|x64
		{482E7C34-9BC9-41CF-87DB-2B277FC96392}.Debug|x86.ActiveCfg = Debug|Win32
		{482E7C34-9BC9-41CF-87DB-2B277FC96392}.Debug|x86.Build.0 = Debug|Win32
		{482E7C34-9BC9-41CF-87DB-2B277FC96392}.Release|x64.ActiveCfg = Release|x64
		{482E7C34-9BC9-41CF-87DB-2B277FC96392}.Release|x64.Build.0 = Release|x64
		{482E7C34-9BC9-41CF-87DB-2B277FC96392}.Release|x86.ActiveCfg = Release|Win32
		{482E7C34-9BC9-41CF-87DB-2B277FC96392}.Release|x86.Build.0 = Release|Win32
	EndGlobalSection
	GlobalSection(SolutionProperties) = preSolution
		HideSolutionNode = FALSE
	EndGlobalSection
	GlobalSection(ExtensibilityGlobals) = postSolution
		SolutionGuid = {381B02A7-442D-424D-BDDC-743A683FDF0E}
	EndGlobalSection
EndGlobal
